
Microsoft Visual Studio Solution File, Format Version 12.00
# Visual Studio Version 16
VisualStudioVersion = 16.0.29306.81
MinimumVisualStudioVersion = 10.0.40219.1
Project("{FAE04EC0-301F-11D3-BF4B-00C04F79EFBC}") = "QLTour", "QLTour\QLTour.csproj", "{B4689A85-64C8-49C6-9746-DD8CA656CF5A}"
EndProject
Global
	GlobalSection(SolutionConfigurationPlatforms) = preSolution
		Debug|Any CPU = Debug|Any CPU
		Release|Any CPU = Release|Any CPU
	EndGlobalSection
	GlobalSection(ProjectConfigurationPlatforms) = postSolution
		{B4689A85-64C8-49C6-9746-DD8CA656CF5A}.Debug|Any CPU.ActiveCfg = Debug|Any CPU
		{B4689A85-64C8-49C6-9746-DD8CA656CF5A}.Debug|Any CPU.Build.0 = Debug|Any CPU
		{B4689A85-64C8-49C6-9746-DD8CA656CF5A}.Release|Any CPU.ActiveCfg = Release|Any CPU
		{B4689A85-64C8-49C6-9746-DD8CA656CF5A}.Release|Any CPU.Build.0 = Release|Any CPU
	EndGlobalSection
	GlobalSection(SolutionProperties) = preSolution
		HideSolutionNode = FALSE
	EndGlobalSection
	GlobalSection(ExtensibilityGlobals) = postSolution
		SolutionGuid = {EC88F99C-E5E7-4304-8CE1-74E30720BD75}
	EndGlobalSection
EndGlobal
